
Microsoft Visual Studio Solution File, Format Version 12.00
# Visual Studio Version 16
VisualStudioVersion = 16.0.809.10
MinimumVisualStudioVersion = 10.0.40219.1
Project("{FAE04EC0-301F-11D3-BF4B-00C04F79EFBC}") = "vacationPlanner.API", "vacationPlanner.API\vacationPlanner.API.csproj", "{74AB30BF-1911-4FED-B807-27779DC099A2}"
EndProject
Project("{FAE04EC0-301F-11D3-BF4B-00C04F79EFBC}") = "vacationPlanner.ServiceLayer", "vacationPlanner.ServiceLayer\vacationPlanner.ServiceLayer.csproj", "{27E3652F-7772-49A0-8A89-38EA22E0C81A}"
EndProject
Global
	GlobalSection(SolutionConfigurationPlatforms) = preSolution
		Debug|Any CPU = Debug|Any CPU
		Release|Any CPU = Release|Any CPU
	EndGlobalSection
	GlobalSection(ProjectConfigurationPlatforms) = postSolution
		{74AB30BF-1911-4FED-B807-27779DC099A2}.Debug|Any CPU.ActiveCfg = Debug|Any CPU
		{74AB30BF-1911-4FED-B807-27779DC099A2}.Debug|Any CPU.Build.0 = Debug|Any CPU
		{74AB30BF-1911-4FED-B807-27779DC099A2}.Release|Any CPU.ActiveCfg = Release|Any CPU
		{74AB30BF-1911-4FED-B807-27779DC099A2}.Release|Any CPU.Build.0 = Release|Any CPU
		{27E3652F-7772-49A0-8A89-38EA22E0C81A}.Debug|Any CPU.ActiveCfg = Debug|Any CPU
		{27E3652F-7772-49A0-8A89-38EA22E0C81A}.Debug|Any CPU.Build.0 = Debug|Any CPU
		{27E3652F-7772-49A0-8A89-38EA22E0C81A}.Release|Any CPU.ActiveCfg = Release|Any CPU
		{27E3652F-7772-49A0-8A89-38EA22E0C81A}.Release|Any CPU.Build.0 = Release|Any CPU
	EndGlobalSection
	GlobalSection(SolutionProperties) = preSolution
		HideSolutionNode = FALSE
	EndGlobalSection
	GlobalSection(ExtensibilityGlobals) = postSolution
		SolutionGuid = {CD435B04-4E03-47BB-B607-A85430FB9A5C}
	EndGlobalSection
EndGlobal
